// !$*UTF8*$!
{
	archiveVersion = 1;
	classes = {
	};
	objectVersion = 50;
	objects = {

/* Begin PBXBuildFile section */
		3416CB5021965F330007F14D /* hw1test.swift in Sources */ = {isa = PBXBuildFile; fileRef = 3416CB4F21965F330007F14D /* hw1test.swift */; };
		3416CB5821965F850007F14D /* hw1.swift in Sources */ = {isa = PBXBuildFile; fileRef = 3416CB5621965F850007F14D /* hw1.swift */; };
		3416CB5921965F850007F14D /* hw1.swift in Sources */ = {isa = PBXBuildFile; fileRef = 3416CB5621965F850007F14D /* hw1.swift */; };
		3416CB5A21965F850007F14D /* hw2.swift in Sources */ = {isa = PBXBuildFile; fileRef = 3416CB5721965F850007F14D /* hw2.swift */; };
		3416CB5B21965F850007F14D /* hw2.swift in Sources */ = {isa = PBXBuildFile; fileRef = 3416CB5721965F850007F14D /* hw2.swift */; };
		3416CB5D21966DE80007F14D /* hw2test.swift in Sources */ = {isa = PBXBuildFile; fileRef = 3416CB5C21966DE80007F14D /* hw2test.swift */; };
		3416CB5F219692B80007F14D /* hw3test.swift in Sources */ = {isa = PBXBuildFile; fileRef = 3416CB5E219692B80007F14D /* hw3test.swift */; };
		3416CB61219693280007F14D /* hw3.swift in Sources */ = {isa = PBXBuildFile; fileRef = 3416CB60219693280007F14D /* hw3.swift */; };
		3416CB62219693280007F14D /* hw3.swift in Sources */ = {isa = PBXBuildFile; fileRef = 3416CB60219693280007F14D /* hw3.swift */; };
		345F400D219746B7008A0F76 /* extensions.swift in Sources */ = {isa = PBXBuildFile; fileRef = 345F400C219746B7008A0F76 /* extensions.swift */; };
		345F400E219746B7008A0F76 /* extensions.swift in Sources */ = {isa = PBXBuildFile; fileRef = 345F400C219746B7008A0F76 /* extensions.swift */; };
/* End PBXBuildFile section */

/* Begin PBXCopyFilesBuildPhase section */
		3416CB3D21965F1D0007F14D /* CopyFiles */ = {
			isa = PBXCopyFilesBuildPhase;
			buildActionMask = 2147483647;
			dstPath = /usr/share/man/man1/;
			dstSubfolderSpec = 0;
			files = (
			);
			runOnlyForDeploymentPostprocessing = 1;
		};
/* End PBXCopyFilesBuildPhase section */

/* Begin PBXFileReference section */
		3416CB3F21965F1D0007F14D /* swift-func */ = {isa = PBXFileReference; explicitFileType = "compiled.mach-o.executable"; includeInIndex = 0; path = "swift-func"; sourceTree = BUILT_PRODUCTS_DIR; };
		3416CB4D21965F330007F14D /* testing.xctest */ = {isa = PBXFileReference; explicitFileType = wrapper.cfbundle; includeInIndex = 0; path = testing.xctest; sourceTree = BUILT_PRODUCTS_DIR; };
		3416CB4F21965F330007F14D /* hw1test.swift */ = {isa = PBXFileReference; lastKnownFileType = sourcecode.swift; path = hw1test.swift; sourceTree = "<group>"; };
		3416CB5121965F330007F14D /* Info.plist */ = {isa = PBXFileReference; lastKnownFileType = text.plist.xml; path = Info.plist; sourceTree = "<group>"; };
		3416CB5521965F850007F14D /* swift-func-Bridging-Header.h */ = {isa = PBXFileReference; lastKnownFileType = sourcecode.c.h; path = "swift-func-Bridging-Header.h"; sourceTree = "<group>"; };
		3416CB5621965F850007F14D /* hw1.swift */ = {isa = PBXFileReference; fileEncoding = 4; lastKnownFileType = sourcecode.swift; name = hw1.swift; path = ../../hw1.swift; sourceTree = "<group>"; };
		3416CB5721965F850007F14D /* hw2.swift */ = {isa = PBXFileReference; fileEncoding = 4; lastKnownFileType = sourcecode.swift; name = hw2.swift; path = ../../hw2.swift; sourceTree = "<group>"; };
		3416CB5C21966DE80007F14D /* hw2test.swift */ = {isa = PBXFileReference; lastKnownFileType = sourcecode.swift; path = hw2test.swift; sourceTree = "<group>"; };
		3416CB5E219692B80007F14D /* hw3test.swift */ = {isa = PBXFileReference; lastKnownFileType = sourcecode.swift; path = hw3test.swift; sourceTree = "<group>"; };
		3416CB60219693280007F14D /* hw3.swift */ = {isa = PBXFileReference; lastKnownFileType = sourcecode.swift; name = hw3.swift; path = ../../hw3.swift; sourceTree = "<group>"; };
		345F400C219746B7008A0F76 /* extensions.swift */ = {isa = PBXFileReference; lastKnownFileType = sourcecode.swift; path = extensions.swift; sourceTree = "<group>"; };
/* End PBXFileReference section */

/* Begin PBXFrameworksBuildPhase section */
		3416CB3C21965F1D0007F14D /* Frameworks */ = {
			isa = PBXFrameworksBuildPhase;
			buildActionMask = 2147483647;
			files = (
			);
			runOnlyForDeploymentPostprocessing = 0;
		};
		3416CB4A21965F330007F14D /* Frameworks */ = {
			isa = PBXFrameworksBuildPhase;
			buildActionMask = 2147483647;
			files = (
			);
			runOnlyForDeploymentPostprocessing = 0;
		};
/* End PBXFrameworksBuildPhase section */

/* Begin PBXGroup section */
		3416CB3621965F1C0007F14D = {
			isa = PBXGroup;
			children = (
				3416CB4121965F1D0007F14D /* swift-func */,
				3416CB4E21965F330007F14D /* testing */,
				3416CB4021965F1D0007F14D /* Products */,
			);
			sourceTree = "<group>";
		};
		3416CB4021965F1D0007F14D /* Products */ = {
			isa = PBXGroup;
			children = (
				3416CB3F21965F1D0007F14D /* swift-func */,
				3416CB4D21965F330007F14D /* testing.xctest */,
			);
			name = Products;
			sourceTree = "<group>";
		};
		3416CB4121965F1D0007F14D /* swift-func */ = {
			isa = PBXGroup;
			children = (
				3416CB5621965F850007F14D /* hw1.swift */,
				3416CB5721965F850007F14D /* hw2.swift */,
				3416CB5521965F850007F14D /* swift-func-Bridging-Header.h */,
				3416CB60219693280007F14D /* hw3.swift */,
				345F400C219746B7008A0F76 /* extensions.swift */,
			);
			path = "swift-func";
			sourceTree = "<group>";
		};
		3416CB4E21965F330007F14D /* testing */ = {
			isa = PBXGroup;
			children = (
				3416CB4F21965F330007F14D /* hw1test.swift */,
				3416CB5121965F330007F14D /* Info.plist */,
				3416CB5C21966DE80007F14D /* hw2test.swift */,
				3416CB5E219692B80007F14D /* hw3test.swift */,
			);
			path = testing;
			sourceTree = "<group>";
		};
/* End PBXGroup section */

/* Begin PBXNativeTarget section */
		3416CB3E21965F1D0007F14D /* swift-func */ = {
			isa = PBXNativeTarget;
			buildConfigurationList = 3416CB4621965F1D0007F14D /* Build configuration list for PBXNativeTarget "swift-func" */;
			buildPhases = (
				3416CB3B21965F1D0007F14D /* Sources */,
				3416CB3C21965F1D0007F14D /* Frameworks */,
				3416CB3D21965F1D0007F14D /* CopyFiles */,
			);
			buildRules = (
			);
			dependencies = (
			);
			name = "swift-func";
			productName = "swift-func";
			productReference = 3416CB3F21965F1D0007F14D /* swift-func */;
			productType = "com.apple.product-type.tool";
		};
		3416CB4C21965F330007F14D /* testing */ = {
			isa = PBXNativeTarget;
			buildConfigurationList = 3416CB5221965F330007F14D /* Build configuration list for PBXNativeTarget "testing" */;
			buildPhases = (
				3416CB4921965F330007F14D /* Sources */,
				3416CB4A21965F330007F14D /* Frameworks */,
				3416CB4B21965F330007F14D /* Resources */,
			);
			buildRules = (
			);
			dependencies = (
			);
			name = testing;
			productName = testing;
			productReference = 3416CB4D21965F330007F14D /* testing.xctest */;
			productType = "com.apple.product-type.bundle.unit-test";
		};
/* End PBXNativeTarget section */

/* Begin PBXProject section */
		3416CB3721965F1C0007F14D /* Project object */ = {
			isa = PBXProject;
			attributes = {
				LastSwiftUpdateCheck = 0940;
				LastUpgradeCheck = 0940;
				ORGANIZATIONNAME = "Matthew Paletta";
				TargetAttributes = {
					3416CB3E21965F1D0007F14D = {
						CreatedOnToolsVersion = 9.4.1;
						LastSwiftMigration = 0940;
					};
					3416CB4C21965F330007F14D = {
						CreatedOnToolsVersion = 9.4.1;
					};
				};
			};
			buildConfigurationList = 3416CB3A21965F1D0007F14D /* Build configuration list for PBXProject "swift-func" */;
			compatibilityVersion = "Xcode 9.3";
			developmentRegion = en;
			hasScannedForEncodings = 0;
			knownRegions = (
				en,
			);
			mainGroup = 3416CB3621965F1C0007F14D;
			productRefGroup = 3416CB4021965F1D0007F14D /* Products */;
			projectDirPath = "";
			projectRoot = "";
			targets = (
				3416CB3E21965F1D0007F14D /* swift-func */,
				3416CB4C21965F330007F14D /* testing */,
			);
		};
/* End PBXProject section */

/* Begin PBXResourcesBuildPhase section */
		3416CB4B21965F330007F14D /* Resources */ = {
			isa = PBXResourcesBuildPhase;
			buildActionMask = 2147483647;
			files = (
			);
			runOnlyForDeploymentPostprocessing = 0;
		};
/* End PBXResourcesBuildPhase section */

/* Begin PBXSourcesBuildPhase section */
		3416CB3B21965F1D0007F14D /* Sources */ = {
			isa = PBXSourcesBuildPhase;
			buildActionMask = 2147483647;
			files = (
				3416CB5821965F850007F14D /* hw1.swift in Sources */,
				3416CB61219693280007F14D /* hw3.swift in Sources */,
				3416CB5A21965F850007F14D /* hw2.swift in Sources */,
				345F400D219746B7008A0F76 /* extensions.swift in Sources */,
			);
			runOnlyForDeploymentPostprocessing = 0;
		};
		3416CB4921965F330007F14D /* Sources */ = {
			isa = PBXSourcesBuildPhase;
			buildActionMask = 2147483647;
			files = (
				3416CB5921965F850007F14D /* hw1.swift in Sources */,
				3416CB5F219692B80007F14D /* hw3test.swift in Sources */,
				3416CB5D21966DE80007F14D /* hw2test.swift in Sources */,
				345F400E219746B7008A0F76 /* extensions.swift in Sources */,
				3416CB5B21965F850007F14D /* hw2.swift in Sources */,
				3416CB62219693280007F14D /* hw3.swift in Sources */,
				3416CB5021965F330007F14D /* hw1test.swift in Sources */,
			);
			runOnlyForDeploymentPostprocessing = 0;
		};
/* End PBXSourcesBuildPhase section */

/* Begin XCBuildConfiguration section */
		3416CB4421965F1D0007F14D /* Debug */ = {
			isa = XCBuildConfiguration;
			buildSettings = {
				ALWAYS_SEARCH_USER_PATHS = NO;
				CLANG_ANALYZER_NONNULL = YES;
				CLANG_ANALYZER_NUMBER_OBJECT_CONVERSION = YES_AGGRESSIVE;
				CLANG_CXX_LANGUAGE_STANDARD = "gnu++14";
				CLANG_CXX_LIBRARY = "libc++";
				CLANG_ENABLE_MODULES = YES;
				CLANG_ENABLE_OBJC_ARC = YES;
				CLANG_ENABLE_OBJC_WEAK = YES;
				CLANG_WARN_BLOCK_CAPTURE_AUTORELEASING = YES;
				CLANG_WARN_BOOL_CONVERSION = YES;
				CLANG_WARN_COMMA = YES;
				CLANG_WARN_CONSTANT_CONVERSION = YES;
				CLANG_WARN_DEPRECATED_OBJC_IMPLEMENTATIONS = YES;
				CLANG_WARN_DIRECT_OBJC_ISA_USAGE = YES_ERROR;
				CLANG_WARN_DOCUMENTATION_COMMENTS = YES;
				CLANG_WARN_EMPTY_BODY = YES;
				CLANG_WARN_ENUM_CONVERSION = YES;
				CLANG_WARN_INFINITE_RECURSION = YES;
				CLANG_WARN_INT_CONVERSION = YES;
				CLANG_WARN_NON_LITERAL_NULL_CONVERSION = YES;
				CLANG_WARN_OBJC_IMPLICIT_RETAIN_SELF = YES;
				CLANG_WARN_OBJC_LITERAL_CONVERSION = YES;
				CLANG_WARN_OBJC_ROOT_CLASS = YES_ERROR;
				CLANG_WARN_RANGE_LOOP_ANALYSIS = YES;
				CLANG_WARN_STRICT_PROTOTYPES = YES;
				CLANG_WARN_SUSPICIOUS_MOVE = YES;
				CLANG_WARN_UNGUARDED_AVAILABILITY = YES_AGGRESSIVE;
				CLANG_WARN_UNREACHABLE_CODE = YES;
				CLANG_WARN__DUPLICATE_METHOD_MATCH = YES;
				CODE_SIGN_IDENTITY = "Mac Developer";
				COPY_PHASE_STRIP = NO;
				DEBUG_INFORMATION_FORMAT = dwarf;
				ENABLE_STRICT_OBJC_MSGSEND = YES;
				ENABLE_TESTABILITY = YES;
				GCC_C_LANGUAGE_STANDARD = gnu11;
				GCC_DYNAMIC_NO_PIC = NO;
				GCC_NO_COMMON_BLOCKS = YES;
				GCC_OPTIMIZATION_LEVEL = 0;
				GCC_PREPROCESSOR_DEFINITIONS = (
					"DEBUG=1",
					"$(inherited)",
				);
				GCC_WARN_64_TO_32_BIT_CONVERSION = YES;
				GCC_WARN_ABOUT_RETURN_TYPE = YES_ERROR;
				GCC_WARN_UNDECLARED_SELECTOR = YES;
				GCC_WARN_UNINITIALIZED_AUTOS = YES_AGGRESSIVE;
				GCC_WARN_UNUSED_FUNCTION = YES;
				GCC_WARN_UNUSED_VARIABLE = YES;
				MACOSX_DEPLOYMENT_TARGET = 10.13;
				MTL_ENABLE_DEBUG_INFO = YES;
				ONLY_ACTIVE_ARCH = YES;
				SDKROOT = macosx;
				SWIFT_ACTIVE_COMPILATION_CONDITIONS = DEBUG;
				SWIFT_OPTIMIZATION_LEVEL = "-Onone";
			};
			name = Debug;
		};
		3416CB4521965F1D0007F14D /* Release */ = {
			isa = XCBuildConfiguration;
			buildSettings = {
				ALWAYS_SEARCH_USER_PATHS = NO;
				CLANG_ANALYZER_NONNULL = YES;
				CLANG_ANALYZER_NUMBER_OBJECT_CONVERSION = YES_AGGRESSIVE;
				CLANG_CXX_LANGUAGE_STANDARD = "gnu++14";
				CLANG_CXX_LIBRARY = "libc++";
				CLANG_ENABLE_MODULES = YES;
				CLANG_ENABLE_OBJC_ARC = YES;
				CLANG_ENABLE_OBJC_WEAK = YES;
				CLANG_WARN_BLOCK_CAPTURE_AUTORELEASING = YES;
				CLANG_WARN_BOOL_CONVERSION = YES;
				CLANG_WARN_COMMA = YES;
				CLANG_WARN_CONSTANT_CONVERSION = YES;
				CLANG_WARN_DEPRECATED_OBJC_IMPLEMENTATIONS = YES;
				CLANG_WARN_DIRECT_OBJC_ISA_USAGE = YES_ERROR;
				CLANG_WARN_DOCUMENTATION_COMMENTS = YES;
				CLANG_WARN_EMPTY_BODY = YES;
				CLANG_WARN_ENUM_CONVERSION = YES;
				CLANG_WARN_INFINITE_RECURSION = YES;
				CLANG_WARN_INT_CONVERSION = YES;
				CLANG_WARN_NON_LITERAL_NULL_CONVERSION = YES;
				CLANG_WARN_OBJC_IMPLICIT_RETAIN_SELF = YES;
				CLANG_WARN_OBJC_LITERAL_CONVERSION = YES;
				CLANG_WARN_OBJC_ROOT_CLASS = YES_ERROR;
				CLANG_WARN_RANGE_LOOP_ANALYSIS = YES;
				CLANG_WARN_STRICT_PROTOTYPES = YES;
				CLANG_WARN_SUSPICIOUS_MOVE = YES;
				CLANG_WARN_UNGUARDED_AVAILABILITY = YES_AGGRESSIVE;
				CLANG_WARN_UNREACHABLE_CODE = YES;
				CLANG_WARN__DUPLICATE_METHOD_MATCH = YES;
				CODE_SIGN_IDENTITY = "Mac Developer";
				COPY_PHASE_STRIP = NO;
				DEBUG_INFORMATION_FORMAT = "dwarf-with-dsym";
				ENABLE_NS_ASSERTIONS = NO;
				ENABLE_STRICT_OBJC_MSGSEND = YES;
				GCC_C_LANGUAGE_STANDARD = gnu11;
				GCC_NO_COMMON_BLOCKS = YES;
				GCC_WARN_64_TO_32_BIT_CONVERSION = YES;
				GCC_WARN_ABOUT_RETURN_TYPE = YES_ERROR;
				GCC_WARN_UNDECLARED_SELECTOR = YES;
				GCC_WARN_UNINITIALIZED_AUTOS = YES_AGGRESSIVE;
				GCC_WARN_UNUSED_FUNCTION = YES;
				GCC_WARN_UNUSED_VARIABLE = YES;
				MACOSX_DEPLOYMENT_TARGET = 10.13;
				MTL_ENABLE_DEBUG_INFO = NO;
				SDKROOT = macosx;
				SWIFT_COMPILATION_MODE = wholemodule;
				SWIFT_OPTIMIZATION_LEVEL = "-O";
			};
			name = Release;
		};
		3416CB4721965F1D0007F14D /* Debug */ = {
			isa = XCBuildConfiguration;
			buildSettings = {
				CLANG_ENABLE_MODULES = YES;
				CODE_SIGN_STYLE = Automatic;
				DEVELOPMENT_TEAM = F9H9E4JYJJ;
				LD_RUNPATH_SEARCH_PATHS = (
					"$(inherited)",
					"@executable_path/../Frameworks",
					"@loader_path/../Frameworks",
				);
				PRODUCT_NAME = "$(TARGET_NAME)";
				SWIFT_OBJC_BRIDGING_HEADER = "swift-func/swift-func-Bridging-Header.h";
				SWIFT_OPTIMIZATION_LEVEL = "-Onone";
				SWIFT_VERSION = 4.0;
			};
			name = Debug;
		};
		3416CB4821965F1D0007F14D /* Release */ = {
			isa = XCBuildConfiguration;
			buildSettings = {
				CLANG_ENABLE_MODULES = YES;
				CODE_SIGN_STYLE = Automatic;
				DEVELOPMENT_TEAM = F9H9E4JYJJ;
				LD_RUNPATH_SEARCH_PATHS = (
					"$(inherited)",
					"@executable_path/../Frameworks",
					"@loader_path/../Frameworks",
				);
				PRODUCT_NAME = "$(TARGET_NAME)";
				SWIFT_OBJC_BRIDGING_HEADER = "swift-func/swift-func-Bridging-Header.h";
				SWIFT_VERSION = 4.0;
			};
			name = Release;
		};
		3416CB5321965F330007F14D /* Debug */ = {
			isa = XCBuildConfiguration;
			buildSettings = {
				CODE_SIGN_STYLE = Automatic;
				COMBINE_HIDPI_IMAGES = YES;
				DEVELOPMENT_TEAM = F9H9E4JYJJ;
				INFOPLIST_FILE = testing/Info.plist;
				LD_RUNPATH_SEARCH_PATHS = (
					"$(inherited)",
					"@executable_path/../Frameworks",
					"@loader_path/../Frameworks",
				);
				PRODUCT_BUNDLE_IDENTIFIER = com.paletta.testing;
				PRODUCT_NAME = "$(TARGET_NAME)";
				SWIFT_VERSION = 4.0;
			};
			name = Debug;
		};
		3416CB5421965F330007F14D /* Release */ = {
			isa = XCBuildConfiguration;
			buildSettings = {
				CODE_SIGN_STYLE = Automatic;
				COMBINE_HIDPI_IMAGES = YES;
				DEVELOPMENT_TEAM = F9H9E4JYJJ;
				INFOPLIST_FILE = testing/Info.plist;
				LD_RUNPATH_SEARCH_PATHS = (
					"$(inherited)",
					"@executable_path/../Frameworks",
					"@loader_path/../Frameworks",
				);
				PRODUCT_BUNDLE_IDENTIFIER = com.paletta.testing;
				PRODUCT_NAME = "$(TARGET_NAME)";
				SWIFT_VERSION = 4.0;
			};
			name = Release;
		};
/* End XCBuildConfiguration section */

/* Begin XCConfigurationList section */
		3416CB3A21965F1D0007F14D /* Build configuration list for PBXProject "swift-func" */ = {
			isa = XCConfigurationList;
			buildConfigurations = (
				3416CB4421965F1D0007F14D /* Debug */,
				3416CB4521965F1D0007F14D /* Release */,
			);
			defaultConfigurationIsVisible = 0;
			defaultConfigurationName = Release;
		};
		3416CB4621965F1D0007F14D /* Build configuration list for PBXNativeTarget "swift-func" */ = {
			isa = XCConfigurationList;
			buildConfigurations = (
				3416CB4721965F1D0007F14D /* Debug */,
				3416CB4821965F1D0007F14D /* Release */,
			);
			defaultConfigurationIsVisible = 0;
			defaultConfigurationName = Release;
		};
		3416CB5221965F330007F14D /* Build configuration list for PBXNativeTarget "testing" */ = {
			isa = XCConfigurationList;
			buildConfigurations = (
				3416CB5321965F330007F14D /* Debug */,
				3416CB5421965F330007F14D /* Release */,
			);
			defaultConfigurationIsVisible = 0;
			defaultConfigurationName = Release;
		};
/* End XCConfigurationList section */
	};
	rootObject = 3416CB3721965F1C0007F14D /* Project object */;
}
